
Microsoft Visual Studio Solution File, Format Version 12.00
# Visual Studio 15
VisualStudioVersion = 15.0.28010.2041
MinimumVisualStudioVersion = 10.0.40219.1
Project("{FAE04EC0-301F-11D3-BF4B-00C04F79EFBC}") = "Grouper2", "Grouper2\Grouper2.csproj", "{5DECAEA3-2610-4065-99DC-65B9B4BA6CCD}"
EndProject
Global
	GlobalSection(SolutionConfigurationPlatforms) = preSolution
		Debug|Any CPU = Debug|Any CPU
		DebugLiveFromDC|Any CPU = DebugLiveFromDC|Any CPU
		Release|Any CPU = Release|Any CPU
	EndGlobalSection
	GlobalSection(ProjectConfigurationPlatforms) = postSolution
		{5DECAEA3-2610-4065-99DC-65B9B4BA6CCD}.Debug|Any CPU.ActiveCfg = Debug|Any CPU
		{5DECAEA3-2610-4065-99DC-65B9B4BA6CCD}.Debug|Any CPU.Build.0 = Debug|Any CPU
		{5DECAEA3-2610-4065-99DC-65B9B4BA6CCD}.DebugLiveFromDC|Any CPU.ActiveCfg = DebugLiveFromDC|Any CPU
		{5DECAEA3-2610-4065-99DC-65B9B4BA6CCD}.DebugLiveFromDC|Any CPU.Build.0 = DebugLiveFromDC|Any CPU
		{5DECAEA3-2610-4065-99DC-65B9B4BA6CCD}.Release|Any CPU.ActiveCfg = Release|Any CPU
		{5DECAEA3-2610-4065-99DC-65B9B4BA6CCD}.Release|Any CPU.Build.0 = Release|Any CPU
	EndGlobalSection
	GlobalSection(SolutionProperties) = preSolution
		HideSolutionNode = FALSE
	EndGlobalSection
	GlobalSection(ExtensibilityGlobals) = postSolution
		SolutionGuid = {6624BC66-6BD1-48C5-A014-04547E4F14DD}
	EndGlobalSection
	GlobalSection(MonoDevelopProperties) = preSolution
		Policies = $0
		$0.DotNetNamingPolicy = $1
		$1.DirectoryNamespaceAssociation = PrefixedHierarchical
		$0.TextStylePolicy = $2
		$2.inheritsSet = null
		$2.scope = text/x-csharp
		$0.CSharpFormattingPolicy = $3
		$3.scope = text/x-csharp
		$0.StandardHeader = $4
		$0.VersionControlPolicy = $5
	EndGlobalSection
EndGlobal
